// !$*UTF8*$!
{
	archiveVersion = 1;
	classes = {
	};
	objectVersion = 48;
	objects = {

/* Begin PBXBuildFile section */
		208E262D62FB7E2AEC88DB16 /* libPods-RAC深入.a in Frameworks */ = {isa = PBXBuildFile; fileRef = 84A5B6B4B9748B21ABEB6A1F /* libPods-RAC深入.a */; };
		3412F82E209017EC00452091 /* AppDelegate.m in Sources */ = {isa = PBXBuildFile; fileRef = 3412F82D209017EC00452091 /* AppDelegate.m */; };
		3412F836209017EC00452091 /* Assets.xcassets in Resources */ = {isa = PBXBuildFile; fileRef = 3412F835209017EC00452091 /* Assets.xcassets */; };
		3412F83C209017EC00452091 /* main.m in Sources */ = {isa = PBXBuildFile; fileRef = 3412F83B209017EC00452091 /* main.m */; };
		3412F84420901A3300452091 /* RootViewController.m in Sources */ = {isa = PBXBuildFile; fileRef = 3412F84320901A3300452091 /* RootViewController.m */; };
		342123BF20B95586007C03DC /* RACSubjectViewController.m in Sources */ = {isa = PBXBuildFile; fileRef = 342123BE20B95586007C03DC /* RACSubjectViewController.m */; };
		342123C220B955B6007C03DC /* RACSignalViewController.m in Sources */ = {isa = PBXBuildFile; fileRef = 342123C120B955B6007C03DC /* RACSignalViewController.m */; };
		342123C520B96476007C03DC /* RACApplicationViewController.m in Sources */ = {isa = PBXBuildFile; fileRef = 342123C420B96476007C03DC /* RACApplicationViewController.m */; };
/* End PBXBuildFile section */

/* Begin PBXFileReference section */
		3412F829209017EC00452091 /* RAC深入.app */ = {isa = PBXFileReference; explicitFileType = wrapper.application; includeInIndex = 0; path = "RAC深入.app"; sourceTree = BUILT_PRODUCTS_DIR; };
		3412F82C209017EC00452091 /* AppDelegate.h */ = {isa = PBXFileReference; lastKnownFileType = sourcecode.c.h; path = AppDelegate.h; sourceTree = "<group>"; };
		3412F82D209017EC00452091 /* AppDelegate.m */ = {isa = PBXFileReference; lastKnownFileType = sourcecode.c.objc; path = AppDelegate.m; sourceTree = "<group>"; };
		3412F835209017EC00452091 /* Assets.xcassets */ = {isa = PBXFileReference; lastKnownFileType = folder.assetcatalog; path = Assets.xcassets; sourceTree = "<group>"; };
		3412F83A209017EC00452091 /* Info.plist */ = {isa = PBXFileReference; lastKnownFileType = text.plist.xml; path = Info.plist; sourceTree = "<group>"; };
		3412F83B209017EC00452091 /* main.m */ = {isa = PBXFileReference; lastKnownFileType = sourcecode.c.objc; path = main.m; sourceTree = "<group>"; };
		3412F84220901A3300452091 /* RootViewController.h */ = {isa = PBXFileReference; lastKnownFileType = sourcecode.c.h; path = RootViewController.h; sourceTree = "<group>"; };
		3412F84320901A3300452091 /* RootViewController.m */ = {isa = PBXFileReference; lastKnownFileType = sourcecode.c.objc; path = RootViewController.m; sourceTree = "<group>"; };
		342123BD20B95586007C03DC /* RACSubjectViewController.h */ = {isa = PBXFileReference; lastKnownFileType = sourcecode.c.h; path = RACSubjectViewController.h; sourceTree = "<group>"; };
		342123BE20B95586007C03DC /* RACSubjectViewController.m */ = {isa = PBXFileReference; lastKnownFileType = sourcecode.c.objc; path = RACSubjectViewController.m; sourceTree = "<group>"; };
		342123C020B955B6007C03DC /* RACSignalViewController.h */ = {isa = PBXFileReference; lastKnownFileType = sourcecode.c.h; path = RACSignalViewController.h; sourceTree = "<group>"; };
		342123C120B955B6007C03DC /* RACSignalViewController.m */ = {isa = PBXFileReference; lastKnownFileType = sourcecode.c.objc; path = RACSignalViewController.m; sourceTree = "<group>"; };
		342123C320B96476007C03DC /* RACApplicationViewController.h */ = {isa = PBXFileReference; lastKnownFileType = sourcecode.c.h; path = RACApplicationViewController.h; sourceTree = "<group>"; };
		342123C420B96476007C03DC /* RACApplicationViewController.m */ = {isa = PBXFileReference; lastKnownFileType = sourcecode.c.objc; path = RACApplicationViewController.m; sourceTree = "<group>"; };
		84A5B6B4B9748B21ABEB6A1F /* libPods-RAC深入.a */ = {isa = PBXFileReference; explicitFileType = archive.ar; includeInIndex = 0; path = "libPods-RAC深入.a"; sourceTree = BUILT_PRODUCTS_DIR; };
		A7CE2FDE8F1F124E2100D3C5 /* Pods-RAC深入.debug.xcconfig */ = {isa = PBXFileReference; includeInIndex = 1; lastKnownFileType = text.xcconfig; name = "Pods-RAC深入.debug.xcconfig"; path = "Pods/Target Support Files/Pods-RAC深入/Pods-RAC深入.debug.xcconfig"; sourceTree = "<group>"; };
		FA2C295CA339F0A6785C57F7 /* Pods-RAC深入.release.xcconfig */ = {isa = PBXFileReference; includeInIndex = 1; lastKnownFileType = text.xcconfig; name = "Pods-RAC深入.release.xcconfig"; path = "Pods/Target Support Files/Pods-RAC深入/Pods-RAC深入.release.xcconfig"; sourceTree = "<group>"; };
/* End PBXFileReference section */

/* Begin PBXFrameworksBuildPhase section */
		3412F826209017EC00452091 /* Frameworks */ = {
			isa = PBXFrameworksBuildPhase;
			buildActionMask = 2147483647;
			files = (
				208E262D62FB7E2AEC88DB16 /* libPods-RAC深入.a in Frameworks */,
			);
			runOnlyForDeploymentPostprocessing = 0;
		};
/* End PBXFrameworksBuildPhase section */

/* Begin PBXGroup section */
		3412F820209017EC00452091 = {
			isa = PBXGroup;
			children = (
				3412F82B209017EC00452091 /* RAC深入 */,
				3412F82A209017EC00452091 /* Products */,
				433679F3615F76578681DC01 /* Pods */,
				8ECB19A1EF43FBF58F3DBDB6 /* Frameworks */,
			);
			sourceTree = "<group>";
		};
		3412F82A209017EC00452091 /* Products */ = {
			isa = PBXGroup;
			children = (
				3412F829209017EC00452091 /* RAC深入.app */,
			);
			name = Products;
			sourceTree = "<group>";
		};
		3412F82B209017EC00452091 /* RAC深入 */ = {
			isa = PBXGroup;
			children = (
				3412F82C209017EC00452091 /* AppDelegate.h */,
				3412F82D209017EC00452091 /* AppDelegate.m */,
				3412F84220901A3300452091 /* RootViewController.h */,
				3412F84320901A3300452091 /* RootViewController.m */,
				342123C020B955B6007C03DC /* RACSignalViewController.h */,
				342123C120B955B6007C03DC /* RACSignalViewController.m */,
				342123BD20B95586007C03DC /* RACSubjectViewController.h */,
				342123BE20B95586007C03DC /* RACSubjectViewController.m */,
				342123C320B96476007C03DC /* RACApplicationViewController.h */,
				342123C420B96476007C03DC /* RACApplicationViewController.m */,
				3412F835209017EC00452091 /* Assets.xcassets */,
				3412F83A209017EC00452091 /* Info.plist */,
				3412F83B209017EC00452091 /* main.m */,
			);
			path = "RAC深入";
			sourceTree = "<group>";
		};
		433679F3615F76578681DC01 /* Pods */ = {
			isa = PBXGroup;
			children = (
				A7CE2FDE8F1F124E2100D3C5 /* Pods-RAC深入.debug.xcconfig */,
				FA2C295CA339F0A6785C57F7 /* Pods-RAC深入.release.xcconfig */,
			);
			name = Pods;
			sourceTree = "<group>";
		};
		8ECB19A1EF43FBF58F3DBDB6 /* Frameworks */ = {
			isa = PBXGroup;
			children = (
				84A5B6B4B9748B21ABEB6A1F /* libPods-RAC深入.a */,
			);
			name = Frameworks;
			sourceTree = "<group>";
		};
/* End PBXGroup section */

/* Begin PBXNativeTarget section */
		3412F828209017EC00452091 /* RAC深入 */ = {
			isa = PBXNativeTarget;
			buildConfigurationList = 3412F83F209017EC00452091 /* Build configuration list for PBXNativeTarget "RAC深入" */;
			buildPhases = (
				273983603F7CBCBFF1AF8AF6 /* [CP] Check Pods Manifest.lock */,
				3412F825209017EC00452091 /* Sources */,
				3412F826209017EC00452091 /* Frameworks */,
				3412F827209017EC00452091 /* Resources */,
				6964FDD57CFDC4E54F080D6C /* [CP] Embed Pods Frameworks */,
				ADFCFB4ECC34CA99F7844295 /* [CP] Copy Pods Resources */,
			);
			buildRules = (
			);
			dependencies = (
			);
			name = "RAC深入";
			productName = "RAC深入";
			productReference = 3412F829209017EC00452091 /* RAC深入.app */;
			productType = "com.apple.product-type.application";
		};
/* End PBXNativeTarget section */

/* Begin PBXProject section */
		3412F821209017EC00452091 /* Project object */ = {
			isa = PBXProject;
			attributes = {
				LastUpgradeCheck = 0900;
				ORGANIZATIONNAME = rjb;
				TargetAttributes = {
					3412F828209017EC00452091 = {
						CreatedOnToolsVersion = 9.0;
						ProvisioningStyle = Automatic;
					};
				};
			};
			buildConfigurationList = 3412F824209017EC00452091 /* Build configuration list for PBXProject "RAC深入" */;
			compatibilityVersion = "Xcode 8.0";
			developmentRegion = en;
			hasScannedForEncodings = 0;
			knownRegions = (
				en,
				Base,
			);
			mainGroup = 3412F820209017EC00452091;
			productRefGroup = 3412F82A209017EC00452091 /* Products */;
			projectDirPath = "";
			projectRoot = "";
			targets = (
				3412F828209017EC00452091 /* RAC深入 */,
			);
		};
/* End PBXProject section */

/* Begin PBXResourcesBuildPhase section */
		3412F827209017EC00452091 /* Resources */ = {
			isa = PBXResourcesBuildPhase;
			buildActionMask = 2147483647;
			files = (
				3412F836209017EC00452091 /* Assets.xcassets in Resources */,
			);
			runOnlyForDeploymentPostprocessing = 0;
		};
/* End PBXResourcesBuildPhase section */

/* Begin PBXShellScriptBuildPhase section */
		273983603F7CBCBFF1AF8AF6 /* [CP] Check Pods Manifest.lock */ = {
			isa = PBXShellScriptBuildPhase;
			buildActionMask = 2147483647;
			files = (
			);
			inputPaths = (
				"${PODS_PODFILE_DIR_PATH}/Podfile.lock",
				"${PODS_ROOT}/Manifest.lock",
			);
			name = "[CP] Check Pods Manifest.lock";
			outputPaths = (
				"$(DERIVED_FILE_DIR)/Pods-RAC深入-checkManifestLockResult.txt",
			);
			runOnlyForDeploymentPostprocessing = 0;
			shellPath = /bin/sh;
			shellScript = "diff \"${PODS_PODFILE_DIR_PATH}/Podfile.lock\" \"${PODS_ROOT}/Manifest.lock\" > /dev/null\nif [ $? != 0 ] ; then\n    # print error to STDERR\n    echo \"error: The sandbox is not in sync with the Podfile.lock. Run 'pod install' or update your CocoaPods installation.\" >&2\n    exit 1\nfi\n# This output is used by Xcode 'outputs' to avoid re-running this script phase.\necho \"SUCCESS\" > \"${SCRIPT_OUTPUT_FILE_0}\"\n";
			showEnvVarsInLog = 0;
		};
		6964FDD57CFDC4E54F080D6C /* [CP] Embed Pods Frameworks */ = {
			isa = PBXShellScriptBuildPhase;
			buildActionMask = 2147483647;
			files = (
			);
			inputPaths = (
			);
			name = "[CP] Embed Pods Frameworks";
			outputPaths = (
			);
			runOnlyForDeploymentPostprocessing = 0;
			shellPath = /bin/sh;
			shellScript = "\"${SRCROOT}/Pods/Target Support Files/Pods-RAC深入/Pods-RAC深入-frameworks.sh\"\n";
			showEnvVarsInLog = 0;
		};
		ADFCFB4ECC34CA99F7844295 /* [CP] Copy Pods Resources */ = {
			isa = PBXShellScriptBuildPhase;
			buildActionMask = 2147483647;
			files = (
			);
			inputPaths = (
			);
			name = "[CP] Copy Pods Resources";
			outputPaths = (
			);
			runOnlyForDeploymentPostprocessing = 0;
			shellPath = /bin/sh;
			shellScript = "\"${SRCROOT}/Pods/Target Support Files/Pods-RAC深入/Pods-RAC深入-resources.sh\"\n";
			showEnvVarsInLog = 0;
		};
/* End PBXShellScriptBuildPhase section */

/* Begin PBXSourcesBuildPhase section */
		3412F825209017EC00452091 /* Sources */ = {
			isa = PBXSourcesBuildPhase;
			buildActionMask = 2147483647;
			files = (
				342123C520B96476007C03DC /* RACApplicationViewController.m in Sources */,
				3412F83C209017EC00452091 /* main.m in Sources */,
				3412F82E209017EC00452091 /* AppDelegate.m in Sources */,
				342123C220B955B6007C03DC /* RACSignalViewController.m in Sources */,
				342123BF20B95586007C03DC /* RACSubjectViewController.m in Sources */,
				3412F84420901A3300452091 /* RootViewController.m in Sources */,
			);
			runOnlyForDeploymentPostprocessing = 0;
		};
/* End PBXSourcesBuildPhase section */

/* Begin XCBuildConfiguration section */
		3412F83D209017EC00452091 /* Debug */ = {
			isa = XCBuildConfiguration;
			buildSettings = {
				ALWAYS_SEARCH_USER_PATHS = NO;
				CLANG_ANALYZER_NONNULL = YES;
				CLANG_ANALYZER_NUMBER_OBJECT_CONVERSION = YES_AGGRESSIVE;
				CLANG_CXX_LANGUAGE_STANDARD = "gnu++14";
				CLANG_CXX_LIBRARY = "libc++";
				CLANG_ENABLE_MODULES = YES;
				CLANG_ENABLE_OBJC_ARC = YES;
				CLANG_WARN_BLOCK_CAPTURE_AUTORELEASING = YES;
				CLANG_WARN_BOOL_CONVERSION = YES;
				CLANG_WARN_COMMA = YES;
				CLANG_WARN_CONSTANT_CONVERSION = YES;
				CLANG_WARN_DIRECT_OBJC_ISA_USAGE = YES_ERROR;
				CLANG_WARN_DOCUMENTATION_COMMENTS = YES;
				CLANG_WARN_EMPTY_BODY = YES;
				CLANG_WARN_ENUM_CONVERSION = YES;
				CLANG_WARN_INFINITE_RECURSION = YES;
				CLANG_WARN_INT_CONVERSION = YES;
				CLANG_WARN_NON_LITERAL_NULL_CONVERSION = YES;
				CLANG_WARN_OBJC_LITERAL_CONVERSION = YES;
				CLANG_WARN_OBJC_ROOT_CLASS = YES_ERROR;
				CLANG_WARN_RANGE_LOOP_ANALYSIS = YES;
				CLANG_WARN_STRICT_PROTOTYPES = YES;
				CLANG_WARN_SUSPICIOUS_MOVE = YES;
				CLANG_WARN_UNGUARDED_AVAILABILITY = YES_AGGRESSIVE;
				CLANG_WARN_UNREACHABLE_CODE = YES;
				CLANG_WARN__DUPLICATE_METHOD_MATCH = YES;
				CODE_SIGN_IDENTITY = "iPhone Developer";
				COPY_PHASE_STRIP = NO;
				DEBUG_INFORMATION_FORMAT = dwarf;
				ENABLE_STRICT_OBJC_MSGSEND = YES;
				ENABLE_TESTABILITY = YES;
				GCC_C_LANGUAGE_STANDARD = gnu11;
				GCC_DYNAMIC_NO_PIC = NO;
				GCC_NO_COMMON_BLOCKS = YES;
				GCC_OPTIMIZATION_LEVEL = 0;
				GCC_PREPROCESSOR_DEFINITIONS = (
					"DEBUG=1",
					"$(inherited)",
				);
				GCC_WARN_64_TO_32_BIT_CONVERSION = YES;
				GCC_WARN_ABOUT_RETURN_TYPE = YES_ERROR;
				GCC_WARN_UNDECLARED_SELECTOR = YES;
				GCC_WARN_UNINITIALIZED_AUTOS = YES_AGGRESSIVE;
				GCC_WARN_UNUSED_FUNCTION = YES;
				GCC_WARN_UNUSED_VARIABLE = YES;
				IPHONEOS_DEPLOYMENT_TARGET = 11.0;
				MTL_ENABLE_DEBUG_INFO = YES;
				ONLY_ACTIVE_ARCH = YES;
				SDKROOT = iphoneos;
			};
			name = Debug;
		};
		3412F83E209017EC00452091 /* Release */ = {
			isa = XCBuildConfiguration;
			buildSettings = {
				ALWAYS_SEARCH_USER_PATHS = NO;
				CLANG_ANALYZER_NONNULL = YES;
				CLANG_ANALYZER_NUMBER_OBJECT_CONVERSION = YES_AGGRESSIVE;
				CLANG_CXX_LANGUAGE_STANDARD = "gnu++14";
				CLANG_CXX_LIBRARY = "libc++";
				CLANG_ENABLE_MODULES = YES;
				CLANG_ENABLE_OBJC_ARC = YES;
				CLANG_WARN_BLOCK_CAPTURE_AUTORELEASING = YES;
				CLANG_WARN_BOOL_CONVERSION = YES;
				CLANG_WARN_COMMA = YES;
				CLANG_WARN_CONSTANT_CONVERSION = YES;
				CLANG_WARN_DIRECT_OBJC_ISA_USAGE = YES_ERROR;
				CLANG_WARN_DOCUMENTATION_COMMENTS = YES;
				CLANG_WARN_EMPTY_BODY = YES;
				CLANG_WARN_ENUM_CONVERSION = YES;
				CLANG_WARN_INFINITE_RECURSION = YES;
				CLANG_WARN_INT_CONVERSION = YES;
				CLANG_WARN_NON_LITERAL_NULL_CONVERSION = YES;
				CLANG_WARN_OBJC_LITERAL_CONVERSION = YES;
				CLANG_WARN_OBJC_ROOT_CLASS = YES_ERROR;
				CLANG_WARN_RANGE_LOOP_ANALYSIS = YES;
				CLANG_WARN_STRICT_PROTOTYPES = YES;
				CLANG_WARN_SUSPICIOUS_MOVE = YES;
				CLANG_WARN_UNGUARDED_AVAILABILITY = YES_AGGRESSIVE;
				CLANG_WARN_UNREACHABLE_CODE = YES;
				CLANG_WARN__DUPLICATE_METHOD_MATCH = YES;
				CODE_SIGN_IDENTITY = "iPhone Developer";
				COPY_PHASE_STRIP = NO;
				DEBUG_INFORMATION_FORMAT = "dwarf-with-dsym";
				ENABLE_NS_ASSERTIONS = NO;
				ENABLE_STRICT_OBJC_MSGSEND = YES;
				GCC_C_LANGUAGE_STANDARD = gnu11;
				GCC_NO_COMMON_BLOCKS = YES;
				GCC_WARN_64_TO_32_BIT_CONVERSION = YES;
				GCC_WARN_ABOUT_RETURN_TYPE = YES_ERROR;
				GCC_WARN_UNDECLARED_SELECTOR = YES;
				GCC_WARN_UNINITIALIZED_AUTOS = YES_AGGRESSIVE;
				GCC_WARN_UNUSED_FUNCTION = YES;
				GCC_WARN_UNUSED_VARIABLE = YES;
				IPHONEOS_DEPLOYMENT_TARGET = 11.0;
				MTL_ENABLE_DEBUG_INFO = NO;
				SDKROOT = iphoneos;
				VALIDATE_PRODUCT = YES;
			};
			name = Release;
		};
		3412F840209017EC00452091 /* Debug */ = {
			isa = XCBuildConfiguration;
			baseConfigurationReference = A7CE2FDE8F1F124E2100D3C5 /* Pods-RAC深入.debug.xcconfig */;
			buildSettings = {
				ASSETCATALOG_COMPILER_APPICON_NAME = AppIcon;
				CODE_SIGN_STYLE = Automatic;
				DEVELOPMENT_TEAM = H943X5Q87C;
				INFOPLIST_FILE = "RAC深入/Info.plist";
				LD_RUNPATH_SEARCH_PATHS = "$(inherited) @executable_path/Frameworks";
				PRODUCT_BUNDLE_IDENTIFIER = "com.knowbox2.RAC--";
				PRODUCT_NAME = "$(TARGET_NAME)";
				TARGETED_DEVICE_FAMILY = "1,2";
			};
			name = Debug;
		};
		3412F841209017EC00452091 /* Release */ = {
			isa = XCBuildConfiguration;
			baseConfigurationReference = FA2C295CA339F0A6785C57F7 /* Pods-RAC深入.release.xcconfig */;
			buildSettings = {
				ASSETCATALOG_COMPILER_APPICON_NAME = AppIcon;
				CODE_SIGN_STYLE = Automatic;
				DEVELOPMENT_TEAM = H943X5Q87C;
				INFOPLIST_FILE = "RAC深入/Info.plist";
				LD_RUNPATH_SEARCH_PATHS = "$(inherited) @executable_path/Frameworks";
				PRODUCT_BUNDLE_IDENTIFIER = "com.knowbox2.RAC--";
				PRODUCT_NAME = "$(TARGET_NAME)";
				TARGETED_DEVICE_FAMILY = "1,2";
			};
			name = Release;
		};
/* End XCBuildConfiguration section */

/* Begin XCConfigurationList section */
		3412F824209017EC00452091 /* Build configuration list for PBXProject "RAC深入" */ = {
			isa = XCConfigurationList;
			buildConfigurations = (
				3412F83D209017EC00452091 /* Debug */,
				3412F83E209017EC00452091 /* Release */,
			);
			defaultConfigurationIsVisible = 0;
			defaultConfigurationName = Release;
		};
		3412F83F209017EC00452091 /* Build configuration list for PBXNativeTarget "RAC深入" */ = {
			isa = XCConfigurationList;
			buildConfigurations = (
				3412F840209017EC00452091 /* Debug */,
				3412F841209017EC00452091 /* Release */,
			);
			defaultConfigurationIsVisible = 0;
			defaultConfigurationName = Release;
		};
/* End XCConfigurationList section */
	};
	rootObject = 3412F821209017EC00452091 /* Project object */;
}
